# @generated - this file is auto-generated by `mise lock` https://mise.en.dev/dev-tools/mise-lock.html

[[tools.python]]
version = "3.14.7"
backend = "core:python"

[tools.python."platforms.linux-arm64"]
checksum = "sha256:8a0798baa8a2c27b5751d590aced543eaa85e20b3f73d93c1af049688acdc9c5"
url = "https://github.com/astral-sh/python-build-standalone/releases/download/20260901/cpython-3.14.7+20260901-aarch64-unknown-linux-gnu-install_only_stripped.tar.gz"
provenance = "github-attestations"

[tools.python."platforms.linux-arm64-musl"]
checksum = "sha256:701c31d72187242302922a29f3bc6023ceb68b6b68fb8d4ed7568d1e6ef34548"
url = "https://github.com/astral-sh/python-build-standalone/releases/download/20260901/cpython-3.14.7+20260901-aarch64-unknown-linux-musl-install_only_stripped.tar.gz"
provenance = "github-attestations"

[tools.python."platforms.linux-x64"]
checksum = "sha256:3959f92825141e04adf44982d3a83ee57af0877e893b0796e04c1468749d9b04"
url = "https://github.com/astral-sh/python-build-standalone/releases/download/20260901/cpython-3.14.7+20260901-x86_64-unknown-linux-gnu-install_only_stripped.tar.gz"
provenance = "github-attestations"

[tools.python."platforms.linux-x64-musl"]
checksum = "sha256:c773f8a7357c0d1a29e208a14bc16386731ca9c0d2e51f1b6741967fb0632cdc"
url = "https://github.com/astral-sh/python-build-standalone/releases/download/20260901/cpython-3.14.7+20260901-x86_64-unknown-linux-musl-install_only_stripped.tar.gz"
provenance = "github-attestations"

[tools.python."platforms.macos-arm64"]
checksum = "sha256:4632cb1a6edad9e73d3c81b6d2e69131637d995173e3e85005df14102b0592ba"
url = "https://github.com/astral-sh/python-build-standalone/releases/download/20260901/cpython-3.14.7+20260901-aarch64-apple-darwin-install_only_stripped.tar.gz"
provenance = "github-attestations"

[tools.python."platforms.macos-x64"]
checksum = "sha256:7e151a7c9028855b61a7d6e78381f2020a1ef185281399f3b1aafc5e1c9a1a64"
url = "https://github.com/astral-sh/python-build-standalone/releases/download/20260901/cpython-3.14.7+20260901-x86_64-apple-darwin-install_only_stripped.tar.gz"
provenance = "github-attestations"

[tools.python."platforms.windows-x64"]
checksum = "sha256:ca3c33ca924dfcab3b74205a7a58a88b0255135c53f95497b26b5e60700fd66d"
url = "https://github.com/astral-sh/python-build-standalone/releases/download/20260901/cpython-3.14.7+20260901-x86_64-pc-windows-msvc-install_only_stripped.tar.gz"
provenance = "github-attestations"

[[tools.uv]]
version = "0.11.11"
backend = "aqua:astral-sh/uv"

[tools.uv."platforms.linux-arm64"]
checksum = "sha256:0fc9a49b3900f77ffaccf3ff69a70ddbc1d479e70ac5d8fd6416a7577b03c5a1"
url = "https://github.com/astral-sh/uv/releases/download/0.11.11/uv-aarch64-unknown-linux-musl.tar.gz"
provenance = "github-attestations"

[tools.uv."platforms.linux-arm64-musl"]
checksum = "sha256:0fc9a49b3900f77ffaccf3ff69a70ddbc1d479e70ac5d8fd6416a7577b03c5a1"
url = "https://github.com/astral-sh/uv/releases/download/0.11.11/uv-aarch64-unknown-linux-musl.tar.gz"
provenance = "github-attestations"

[tools.uv."platforms.linux-x64"]
checksum = "sha256:80521f18ba83109acd17e0730bd8ff898c3426aa62252c627d63418b353e788a"
url = "https://github.com/astral-sh/uv/releases/download/0.11.11/uv-x86_64-unknown-linux-musl.tar.gz"
provenance = "github-attestations"

[tools.uv."platforms.linux-x64-musl"]
checksum = "sha256:80521f18ba83109acd17e0730bd8ff898c3426aa62252c627d63418b353e788a"
url = "https://github.com/astral-sh/uv/releases/download/0.11.11/uv-x86_64-unknown-linux-musl.tar.gz"
provenance = "github-attestations"

[tools.uv."platforms.macos-arm64"]
checksum = "sha256:3a185bf8f46a7b7c8b910d111825907b1638d0ae503cb3c333ae205772354046"
url = "https://github.com/astral-sh/uv/releases/download/0.11.11/uv-aarch64-apple-darwin.tar.gz"
provenance = "github-attestations"

[tools.uv."platforms.macos-x64"]
checksum = "sha256:57a1a8085b4088fbcbd5080c0c30723ba6d0692c89cd071c08a4209e8da602d1"
url = "https://github.com/astral-sh/uv/releases/download/0.11.11/uv-x86_64-apple-darwin.tar.gz"
provenance = "github-attestations"

[tools.uv."platforms.windows-x64"]
checksum = "sha256:2f75a0db2c3530b6b3c24434dc38137f61ff1f4e5f2d7b4ddc5bcd142cf58b65"
url = "https://github.com/astral-sh/uv/releases/download/0.11.11/uv-x86_64-pc-windows-msvc.zip"
provenance = "github-attestations"
