# @generated - this file is auto-generated by `mise lock` https://mise.en.dev/dev-tools/mise-lock.html

[[tools.python]]
version = "3.13.13"
backend = "core:python"

[tools.python."platforms.linux-arm64"]
checksum = "sha256:7fda891fac489ae1380fdf7050acf5ed4d3cb1ce0a84d6a4a6f51f6b5aee2d6d"
url = "https://github.com/astral-sh/python-build-standalone/releases/download/20260504/cpython-3.13.13+20260504-aarch64-unknown-linux-gnu-install_only_stripped.tar.gz"
provenance = "github-attestations"

[tools.python."platforms.linux-arm64-musl"]
checksum = "sha256:5b9c276b1ba9e3fa79313a246551e08a95a1cd62480fb3c5ac91e41c23717b03"
url = "https://github.com/astral-sh/python-build-standalone/releases/download/20260504/cpython-3.13.13+20260504-aarch64-unknown-linux-musl-install_only_stripped.tar.gz"
provenance = "github-attestations"

[tools.python."platforms.linux-x64"]
checksum = "sha256:701c00bb8cc5b172b9c8a31eb6be57b6bc72cfe0addbff8e013db79a28981642"
url = "https://github.com/astral-sh/python-build-standalone/releases/download/20260504/cpython-3.13.13+20260504-x86_64-unknown-linux-gnu-install_only_stripped.tar.gz"
provenance = "github-attestations"

[tools.python."platforms.linux-x64-musl"]
checksum = "sha256:25fe9237c447f900da7da73d438beb08e758319f788446a8c996f45263760b79"
url = "https://github.com/astral-sh/python-build-standalone/releases/download/20260504/cpython-3.13.13+20260504-x86_64-unknown-linux-musl-install_only_stripped.tar.gz"
provenance = "github-attestations"

[tools.python."platforms.macos-arm64"]
checksum = "sha256:001872dfdea7fdb5b985cbe03a5b15d1ba7d8a5df6056615d433423e2adb27c5"
url = "https://github.com/astral-sh/python-build-standalone/releases/download/20260504/cpython-3.13.13+20260504-aarch64-apple-darwin-install_only_stripped.tar.gz"
provenance = "github-attestations"

[tools.python."platforms.macos-x64"]
checksum = "sha256:eced93f3aa824a7bbd38831da889eccf1de01d8f411f274d3664221f75d12302"
url = "https://github.com/astral-sh/python-build-standalone/releases/download/20260504/cpython-3.13.13+20260504-x86_64-apple-darwin-install_only_stripped.tar.gz"
provenance = "github-attestations"

[tools.python."platforms.windows-x64"]
checksum = "sha256:f81cabd99b14e26a8e14f7857465c3f9f09f5c067340924e14792dd3bfb6c5bd"
url = "https://github.com/astral-sh/python-build-standalone/releases/download/20260504/cpython-3.13.13+20260504-x86_64-pc-windows-msvc-install_only_stripped.tar.gz"
provenance = "github-attestations"

[[tools.uv]]
version = "0.12.10"
backend = "aqua:astral-sh/uv"

[tools.uv."platforms.linux-arm64"]
checksum = "sha256:9ff6b9d4665edcdd3a88dcc73cd1eb641754deb927f14e8c62ebfde6bf4f5f5e"
url = "https://github.com/astral-sh/uv/releases/download/0.12.10/uv-aarch64-unknown-linux-gnu.tar.gz"
url_api = "https://api.github.com/repos/astral-sh/uv/releases/assets/545034356"
provenance = "github-attestations"

[tools.uv."platforms.linux-arm64-musl"]
checksum = "sha256:3983cb642fae84eab33756109bb266f126eb61763d8d220dd662af589c5b3da5"
url = "https://github.com/astral-sh/uv/releases/download/0.12.10/uv-aarch64-unknown-linux-musl.tar.gz"
url_api = "https://api.github.com/repos/astral-sh/uv/releases/assets/545034364"
provenance = "github-attestations"

[tools.uv."platforms.linux-x64"]
checksum = "sha256:173d95a0c32d18c896c46ba6fafbf3cf9c14ab74b033f81b76c883ef492a976b"
url = "https://github.com/astral-sh/uv/releases/download/0.12.10/uv-x86_64-unknown-linux-gnu.tar.gz"
url_api = "https://api.github.com/repos/astral-sh/uv/releases/assets/545034465"
provenance = "github-attestations"

[tools.uv."platforms.linux-x64-musl"]
checksum = "sha256:848d0e261119e5b8f35db10164635e46a48bec29ceb1f8ec14a6fc76004973ee"
url = "https://github.com/astral-sh/uv/releases/download/0.12.10/uv-x86_64-unknown-linux-musl.tar.gz"
url_api = "https://api.github.com/repos/astral-sh/uv/releases/assets/545034473"
provenance = "github-attestations"

[tools.uv."platforms.macos-arm64"]
checksum = "sha256:51c6170e8e3a01cef9f33b94f582b7b81ac65046f55d40afb35f9cff5a68c179"
url = "https://github.com/astral-sh/uv/releases/download/0.12.10/uv-aarch64-apple-darwin.tar.gz"
url_api = "https://api.github.com/repos/astral-sh/uv/releases/assets/545034336"
provenance = "github-attestations"

[tools.uv."platforms.macos-x64"]
checksum = "sha256:5296d5aa2b9143360405eea866f8ef4d5dc8986b164eb0dc35e8f876a9304d30"
url = "https://github.com/astral-sh/uv/releases/download/0.12.10/uv-x86_64-apple-darwin.tar.gz"
url_api = "https://api.github.com/repos/astral-sh/uv/releases/assets/545034436"
provenance = "github-attestations"

[tools.uv."platforms.windows-x64"]
checksum = "sha256:f65744f94072152b1f86ba2aace4d01f1124d9a8ecb235805039e3718c36cac2"
url = "https://github.com/astral-sh/uv/releases/download/0.12.10/uv-x86_64-pc-windows-msvc.zip"
url_api = "https://api.github.com/repos/astral-sh/uv/releases/assets/545034461"
provenance = "github-attestations"
